
Microsoft Visual Studio Solution File, Format Version 12.00
# Visual Studio Version 17
VisualStudioVersion = 17.11.35208.52
MinimumVisualStudioVersion = 10.0.40219.1
Project("{FAE04EC0-301F-11D3-BF4B-00C04F79EFBC}") = "checkbox", "checkbox\checkbox.csproj", "{E23DD509-82D0-4BCF-B95A-075D4D8C356B}"
EndProject
Global
	GlobalSection(SolutionConfigurationPlatforms) = preSolution
		Debug|Any CPU = Debug|Any CPU
		Release|Any CPU = Release|Any CPU
	EndGlobalSection
	GlobalSection(ProjectConfigurationPlatforms) = postSolution
		{E23DD509-82D0-4BCF-B95A-075D4D8C356B}.Debug|Any CPU.ActiveCfg = Debug|Any CPU
		{E23DD509-82D0-4BCF-B95A-075D4D8C356B}.Debug|Any CPU.Build.0 = Debug|Any CPU
		{E23DD509-82D0-4BCF-B95A-075D4D8C356B}.Release|Any CPU.ActiveCfg = Release|Any CPU
		{E23DD509-82D0-4BCF-B95A-075D4D8C356B}.Release|Any CPU.Build.0 = Release|Any CPU
	EndGlobalSection
	GlobalSection(SolutionProperties) = preSolution
		HideSolutionNode = FALSE
	EndGlobalSection
	GlobalSection(ExtensibilityGlobals) = postSolution
		SolutionGuid = {33E28845-A7F5-431C-9752-9740DFADDD36}
	EndGlobalSection
EndGlobal
