
Microsoft Visual Studio Solution File, Format Version 12.00
# Visual Studio Version 17
VisualStudioVersion = 17.11.35208.52
MinimumVisualStudioVersion = 10.0.40219.1
Project("{FAE04EC0-301F-11D3-BF4B-00C04F79EFBC}") = "tutorial3-1", "tutorial3-1\tutorial3-1.csproj", "{21F84EC1-AD35-4CAE-9366-47B861F6D97F}"
EndProject
Global
	GlobalSection(SolutionConfigurationPlatforms) = preSolution
		Debug|Any CPU = Debug|Any CPU
		Release|Any CPU = Release|Any CPU
	EndGlobalSection
	GlobalSection(ProjectConfigurationPlatforms) = postSolution
		{21F84EC1-AD35-4CAE-9366-47B861F6D97F}.Debug|Any CPU.ActiveCfg = Debug|Any CPU
		{21F84EC1-AD35-4CAE-9366-47B861F6D97F}.Debug|Any CPU.Build.0 = Debug|Any CPU
		{21F84EC1-AD35-4CAE-9366-47B861F6D97F}.Release|Any CPU.ActiveCfg = Release|Any CPU
		{21F84EC1-AD35-4CAE-9366-47B861F6D97F}.Release|Any CPU.Build.0 = Release|Any CPU
	EndGlobalSection
	GlobalSection(SolutionProperties) = preSolution
		HideSolutionNode = FALSE
	EndGlobalSection
	GlobalSection(ExtensibilityGlobals) = postSolution
		SolutionGuid = {A83C6ECE-5657-41FD-B297-1DE8EC366B5F}
	EndGlobalSection
EndGlobal
