
Microsoft Visual Studio Solution File, Format Version 12.00
# Visual Studio Version 17
VisualStudioVersion = 17.11.35208.52
MinimumVisualStudioVersion = 10.0.40219.1
Project("{FAE04EC0-301F-11D3-BF4B-00C04F79EFBC}") = "toturiol", "toturiol\toturiol.csproj", "{5A5719EF-3E31-4BF8-A789-FD20E11DB0D3}"
EndProject
Global
	GlobalSection(SolutionConfigurationPlatforms) = preSolution
		Debug|Any CPU = Debug|Any CPU
		Release|Any CPU = Release|Any CPU
	EndGlobalSection
	GlobalSection(ProjectConfigurationPlatforms) = postSolution
		{5A5719EF-3E31-4BF8-A789-FD20E11DB0D3}.Debug|Any CPU.ActiveCfg = Debug|Any CPU
		{5A5719EF-3E31-4BF8-A789-FD20E11DB0D3}.Debug|Any CPU.Build.0 = Debug|Any CPU
		{5A5719EF-3E31-4BF8-A789-FD20E11DB0D3}.Release|Any CPU.ActiveCfg = Release|Any CPU
		{5A5719EF-3E31-4BF8-A789-FD20E11DB0D3}.Release|Any CPU.Build.0 = Release|Any CPU
	EndGlobalSection
	GlobalSection(SolutionProperties) = preSolution
		HideSolutionNode = FALSE
	EndGlobalSection
	GlobalSection(ExtensibilityGlobals) = postSolution
		SolutionGuid = {AE19C05A-762D-426C-840B-CFC3BCDC8C4A}
	EndGlobalSection
EndGlobal
