
Microsoft Visual Studio Solution File, Format Version 12.00
# Visual Studio Version 17
VisualStudioVersion = 17.11.35327.3
MinimumVisualStudioVersion = 10.0.40219.1
Project("{FAE04EC0-301F-11D3-BF4B-00C04F79EFBC}") = "HW2", "HW2\HW2.csproj", "{D0EDBCBD-060C-428E-B7EA-E18C277A955D}"
EndProject
Global
	GlobalSection(SolutionConfigurationPlatforms) = preSolution
		Debug|Any CPU = Debug|Any CPU
		Release|Any CPU = Release|Any CPU
	EndGlobalSection
	GlobalSection(ProjectConfigurationPlatforms) = postSolution
		{D0EDBCBD-060C-428E-B7EA-E18C277A955D}.Debug|Any CPU.ActiveCfg = Debug|Any CPU
		{D0EDBCBD-060C-428E-B7EA-E18C277A955D}.Debug|Any CPU.Build.0 = Debug|Any CPU
		{D0EDBCBD-060C-428E-B7EA-E18C277A955D}.Release|Any CPU.ActiveCfg = Release|Any CPU
		{D0EDBCBD-060C-428E-B7EA-E18C277A955D}.Release|Any CPU.Build.0 = Release|Any CPU
	EndGlobalSection
	GlobalSection(SolutionProperties) = preSolution
		HideSolutionNode = FALSE
	EndGlobalSection
	GlobalSection(ExtensibilityGlobals) = postSolution
		SolutionGuid = {345846B9-69C1-481B-8641-2FE9162BB49B}
	EndGlobalSection
EndGlobal
