
Microsoft Visual Studio Solution File, Format Version 12.00
# Visual Studio Version 17
VisualStudioVersion = 17.11.35327.3
MinimumVisualStudioVersion = 10.0.40219.1
Project("{FAE04EC0-301F-11D3-BF4B-00C04F79EFBC}") = "HW2", "HW2\HW2.csproj", "{F325D75E-000C-455E-8F84-591D5D8A9B2E}"
EndProject
Global
	GlobalSection(SolutionConfigurationPlatforms) = preSolution
		Debug|Any CPU = Debug|Any CPU
		Release|Any CPU = Release|Any CPU
	EndGlobalSection
	GlobalSection(ProjectConfigurationPlatforms) = postSolution
		{F325D75E-000C-455E-8F84-591D5D8A9B2E}.Debug|Any CPU.ActiveCfg = Debug|Any CPU
		{F325D75E-000C-455E-8F84-591D5D8A9B2E}.Debug|Any CPU.Build.0 = Debug|Any CPU
		{F325D75E-000C-455E-8F84-591D5D8A9B2E}.Release|Any CPU.ActiveCfg = Release|Any CPU
		{F325D75E-000C-455E-8F84-591D5D8A9B2E}.Release|Any CPU.Build.0 = Release|Any CPU
	EndGlobalSection
	GlobalSection(SolutionProperties) = preSolution
		HideSolutionNode = FALSE
	EndGlobalSection
	GlobalSection(ExtensibilityGlobals) = postSolution
		SolutionGuid = {0E823E0D-4F58-44A8-84FC-D0BF2F8DB055}
	EndGlobalSection
EndGlobal
