
Microsoft Visual Studio Solution File, Format Version 12.00
# Visual Studio Version 17
VisualStudioVersion = 17.11.35208.52
MinimumVisualStudioVersion = 10.0.40219.1
Project("{FAE04EC0-301F-11D3-BF4B-00C04F79EFBC}") = "Groupox", "Groupox\Groupox.csproj", "{0F6E0D81-BC50-4FCB-B114-B99B389B2159}"
EndProject
Global
	GlobalSection(SolutionConfigurationPlatforms) = preSolution
		Debug|Any CPU = Debug|Any CPU
		Release|Any CPU = Release|Any CPU
	EndGlobalSection
	GlobalSection(ProjectConfigurationPlatforms) = postSolution
		{0F6E0D81-BC50-4FCB-B114-B99B389B2159}.Debug|Any CPU.ActiveCfg = Debug|Any CPU
		{0F6E0D81-BC50-4FCB-B114-B99B389B2159}.Debug|Any CPU.Build.0 = Debug|Any CPU
		{0F6E0D81-BC50-4FCB-B114-B99B389B2159}.Release|Any CPU.ActiveCfg = Release|Any CPU
		{0F6E0D81-BC50-4FCB-B114-B99B389B2159}.Release|Any CPU.Build.0 = Release|Any CPU
	EndGlobalSection
	GlobalSection(SolutionProperties) = preSolution
		HideSolutionNode = FALSE
	EndGlobalSection
	GlobalSection(ExtensibilityGlobals) = postSolution
		SolutionGuid = {1A8BC455-E35B-410E-9FB7-AA19F3A57FCC}
	EndGlobalSection
EndGlobal
